// !$*UTF8*$!
{
	archiveVersion = 1;
	classes = {
	};
	objectVersion = 55;
	objects = {

/* Begin PBXBuildFile section */
		710BE4582A3EEB5800840BBF /* GraniteApp.Delegate.swift in Sources */ = {isa = PBXBuildFile; fileRef = 710BE4572A3EEB5800840BBF /* GraniteApp.Delegate.swift */; };
		710BE4592A3EEB5800840BBF /* GraniteApp.Delegate.swift in Sources */ = {isa = PBXBuildFile; fileRef = 710BE4572A3EEB5800840BBF /* GraniteApp.Delegate.swift */; };
		710BE4892A3F137E00840BBF /* Granite in Frameworks */ = {isa = PBXBuildFile; productRef = 710BE4882A3F137E00840BBF /* Granite */; };
		710BE48B2A3F137E00840BBF /* GraniteUI in Frameworks */ = {isa = PBXBuildFile; productRef = 710BE48A2A3F137E00840BBF /* GraniteUI */; };
		710BE48D2A3F138D00840BBF /* Granite in Frameworks */ = {isa = PBXBuildFile; productRef = 710BE48C2A3F138D00840BBF /* Granite */; };
		710BE48F2A3F138D00840BBF /* GraniteUI in Frameworks */ = {isa = PBXBuildFile; productRef = 710BE48E2A3F138D00840BBF /* GraniteUI */; };
		711B3F8B2885D43B00F3080D /* Tests_iOS.swift in Sources */ = {isa = PBXBuildFile; fileRef = 711B3F8A2885D43B00F3080D /* Tests_iOS.swift */; };
		711B3F8D2885D43B00F3080D /* Tests_iOSLaunchTests.swift in Sources */ = {isa = PBXBuildFile; fileRef = 711B3F8C2885D43B00F3080D /* Tests_iOSLaunchTests.swift */; };
		711B3F972885D43B00F3080D /* Tests_macOS.swift in Sources */ = {isa = PBXBuildFile; fileRef = 711B3F962885D43B00F3080D /* Tests_macOS.swift */; };
		711B3F992885D43B00F3080D /* Tests_macOSLaunchTests.swift in Sources */ = {isa = PBXBuildFile; fileRef = 711B3F982885D43B00F3080D /* Tests_macOSLaunchTests.swift */; };
		711B3F9A2885D43B00F3080D /* GraniteApp.swift in Sources */ = {isa = PBXBuildFile; fileRef = 711B3F722885D43700F3080D /* GraniteApp.swift */; };
		711B3F9B2885D43B00F3080D /* GraniteApp.swift in Sources */ = {isa = PBXBuildFile; fileRef = 711B3F722885D43700F3080D /* GraniteApp.swift */; };
		711B3F9E2885D43B00F3080D /* Assets.xcassets in Resources */ = {isa = PBXBuildFile; fileRef = 711B3F742885D43B00F3080D /* Assets.xcassets */; };
		711B3F9F2885D43B00F3080D /* Assets.xcassets in Resources */ = {isa = PBXBuildFile; fileRef = 711B3F742885D43B00F3080D /* Assets.xcassets */; };
		711B3FD92885D4F000F3080D /* Home+Center.swift in Sources */ = {isa = PBXBuildFile; fileRef = 711B3FD62885D4F000F3080D /* Home+Center.swift */; };
		711B3FDA2885D4F000F3080D /* Home+Center.swift in Sources */ = {isa = PBXBuildFile; fileRef = 711B3FD62885D4F000F3080D /* Home+Center.swift */; };
		711B3FDD2885D4F000F3080D /* Home.swift in Sources */ = {isa = PBXBuildFile; fileRef = 711B3FD82885D4F000F3080D /* Home.swift */; };
		711B3FDE2885D4F000F3080D /* Home.swift in Sources */ = {isa = PBXBuildFile; fileRef = 711B3FD82885D4F000F3080D /* Home.swift */; };
		717D388B2887A44D00165D7D /* Home+View.swift in Sources */ = {isa = PBXBuildFile; fileRef = 717D388A2887A44D00165D7D /* Home+View.swift */; };
		717D388C2887A44D00165D7D /* Home+View.swift in Sources */ = {isa = PBXBuildFile; fileRef = 717D388A2887A44D00165D7D /* Home+View.swift */; };
		717E613328A0D69B009A2B1A /* Home._.swift in Sources */ = {isa = PBXBuildFile; fileRef = 717E613228A0D69B009A2B1A /* Home._.swift */; };
		717E613428A0D69B009A2B1A /* Home._.swift in Sources */ = {isa = PBXBuildFile; fileRef = 717E613228A0D69B009A2B1A /* Home._.swift */; };
		71EA1A362A5DFD5E0046F4E9 /* LemmyKit in Frameworks */ = {isa = PBXBuildFile; productRef = 71EA1A352A5DFD5E0046F4E9 /* LemmyKit */; };
		71EA1A382A5DFD630046F4E9 /* LemmyKit in Frameworks */ = {isa = PBXBuildFile; productRef = 71EA1A372A5DFD630046F4E9 /* LemmyKit */; };
/* End PBXBuildFile section */

/* Begin PBXContainerItemProxy section */
		711B3F872885D43B00F3080D /* PBXContainerItemProxy */ = {
			isa = PBXContainerItemProxy;
			containerPortal = 711B3F6D2885D43700F3080D /* Project object */;
			proxyType = 1;
			remoteGlobalIDString = 711B3F782885D43B00F3080D;
			remoteInfo = "PEX (iOS)";
		};
		711B3F932885D43B00F3080D /* PBXContainerItemProxy */ = {
			isa = PBXContainerItemProxy;
			containerPortal = 711B3F6D2885D43700F3080D /* Project object */;
			proxyType = 1;
			remoteGlobalIDString = 711B3F7E2885D43B00F3080D;
			remoteInfo = "PEX (macOS)";
		};
/* End PBXContainerItemProxy section */

/* Begin PBXFileReference section */
		710BE4572A3EEB5800840BBF /* GraniteApp.Delegate.swift */ = {isa = PBXFileReference; lastKnownFileType = sourcecode.swift; path = GraniteApp.Delegate.swift; sourceTree = "<group>"; };
		710BE4852A3F033800840BBF /* GraniteApp--macOS--Info.plist */ = {isa = PBXFileReference; lastKnownFileType = text.plist.xml; path = "GraniteApp--macOS--Info.plist"; sourceTree = "<group>"; };
		710BE4862A3F120A00840BBF /* README.md */ = {isa = PBXFileReference; lastKnownFileType = net.daringfireball.markdown; path = README.md; sourceTree = "<group>"; };
		711B3F722885D43700F3080D /* GraniteApp.swift */ = {isa = PBXFileReference; lastKnownFileType = sourcecode.swift; path = GraniteApp.swift; sourceTree = "<group>"; };
		711B3F742885D43B00F3080D /* Assets.xcassets */ = {isa = PBXFileReference; lastKnownFileType = folder.assetcatalog; path = Assets.xcassets; sourceTree = "<group>"; };
		711B3F792885D43B00F3080D /* GraniteApp.app */ = {isa = PBXFileReference; explicitFileType = wrapper.application; includeInIndex = 0; path = GraniteApp.app; sourceTree = BUILT_PRODUCTS_DIR; };
		711B3F7F2885D43B00F3080D /* GraniteApp.app */ = {isa = PBXFileReference; explicitFileType = wrapper.application; includeInIndex = 0; path = GraniteApp.app; sourceTree = BUILT_PRODUCTS_DIR; };
		711B3F812885D43B00F3080D /* macOS.entitlements */ = {isa = PBXFileReference; lastKnownFileType = text.plist.entitlements; path = macOS.entitlements; sourceTree = "<group>"; };
		711B3F862885D43B00F3080D /* Tests iOS.xctest */ = {isa = PBXFileReference; explicitFileType = wrapper.cfbundle; includeInIndex = 0; path = "Tests iOS.xctest"; sourceTree = BUILT_PRODUCTS_DIR; };
		711B3F8A2885D43B00F3080D /* Tests_iOS.swift */ = {isa = PBXFileReference; lastKnownFileType = sourcecode.swift; path = Tests_iOS.swift; sourceTree = "<group>"; };
		711B3F8C2885D43B00F3080D /* Tests_iOSLaunchTests.swift */ = {isa = PBXFileReference; lastKnownFileType = sourcecode.swift; path = Tests_iOSLaunchTests.swift; sourceTree = "<group>"; };
		711B3F922885D43B00F3080D /* Tests macOS.xctest */ = {isa = PBXFileReference; explicitFileType = wrapper.cfbundle; includeInIndex = 0; path = "Tests macOS.xctest"; sourceTree = BUILT_PRODUCTS_DIR; };
		711B3F962885D43B00F3080D /* Tests_macOS.swift */ = {isa = PBXFileReference; lastKnownFileType = sourcecode.swift; path = Tests_macOS.swift; sourceTree = "<group>"; };
		711B3F982885D43B00F3080D /* Tests_macOSLaunchTests.swift */ = {isa = PBXFileReference; lastKnownFileType = sourcecode.swift; path = Tests_macOSLaunchTests.swift; sourceTree = "<group>"; };
		711B3FD62885D4F000F3080D /* Home+Center.swift */ = {isa = PBXFileReference; fileEncoding = 4; lastKnownFileType = sourcecode.swift; path = "Home+Center.swift"; sourceTree = "<group>"; };
		711B3FD82885D4F000F3080D /* Home.swift */ = {isa = PBXFileReference; fileEncoding = 4; lastKnownFileType = sourcecode.swift; path = Home.swift; sourceTree = "<group>"; };
		717D388A2887A44D00165D7D /* Home+View.swift */ = {isa = PBXFileReference; lastKnownFileType = sourcecode.swift; path = "Home+View.swift"; sourceTree = "<group>"; };
		717E613228A0D69B009A2B1A /* Home._.swift */ = {isa = PBXFileReference; lastKnownFileType = sourcecode.swift; path = Home._.swift; sourceTree = "<group>"; };
		719725FD28CC864400A64334 /* GraniteApp--iOS--Info.plist */ = {isa = PBXFileReference; lastKnownFileType = text.plist.xml; path = "GraniteApp--iOS--Info.plist"; sourceTree = "<group>"; };
/* End PBXFileReference section */

/* Begin PBXFrameworksBuildPhase section */
		711B3F762885D43B00F3080D /* Frameworks */ = {
			isa = PBXFrameworksBuildPhase;
			buildActionMask = 2147483647;
			files = (
				710BE4892A3F137E00840BBF /* Granite in Frameworks */,
				71EA1A382A5DFD630046F4E9 /* LemmyKit in Frameworks */,
				710BE48B2A3F137E00840BBF /* GraniteUI in Frameworks */,
			);
			runOnlyForDeploymentPostprocessing = 0;
		};
		711B3F7C2885D43B00F3080D /* Frameworks */ = {
			isa = PBXFrameworksBuildPhase;
			buildActionMask = 2147483647;
			files = (
				710BE48F2A3F138D00840BBF /* GraniteUI in Frameworks */,
				71EA1A362A5DFD5E0046F4E9 /* LemmyKit in Frameworks */,
				710BE48D2A3F138D00840BBF /* Granite in Frameworks */,
			);
			runOnlyForDeploymentPostprocessing = 0;
		};
		711B3F832885D43B00F3080D /* Frameworks */ = {
			isa = PBXFrameworksBuildPhase;
			buildActionMask = 2147483647;
			files = (
			);
			runOnlyForDeploymentPostprocessing = 0;
		};
		711B3F8F2885D43B00F3080D /* Frameworks */ = {
			isa = PBXFrameworksBuildPhase;
			buildActionMask = 2147483647;
			files = (
			);
			runOnlyForDeploymentPostprocessing = 0;
		};
/* End PBXFrameworksBuildPhase section */

/* Begin PBXGroup section */
		711B3F6C2885D43700F3080D = {
			isa = PBXGroup;
			children = (
				710BE4862A3F120A00840BBF /* README.md */,
				710BE4852A3F033800840BBF /* GraniteApp--macOS--Info.plist */,
				719725FD28CC864400A64334 /* GraniteApp--iOS--Info.plist */,
				711B3F712885D43700F3080D /* Shared */,
				711B3F802885D43B00F3080D /* macOS */,
				711B3F892885D43B00F3080D /* Tests iOS */,
				711B3F952885D43B00F3080D /* Tests macOS */,
				711B3F7A2885D43B00F3080D /* Products */,
				711B3FAF2885D46200F3080D /* Frameworks */,
			);
			sourceTree = "<group>";
		};
		711B3F712885D43700F3080D /* Shared */ = {
			isa = PBXGroup;
			children = (
				711B3FB52885D47C00F3080D /* Components */,
				711B3F722885D43700F3080D /* GraniteApp.swift */,
				710BE4572A3EEB5800840BBF /* GraniteApp.Delegate.swift */,
				711B3F742885D43B00F3080D /* Assets.xcassets */,
			);
			path = Shared;
			sourceTree = "<group>";
		};
		711B3F7A2885D43B00F3080D /* Products */ = {
			isa = PBXGroup;
			children = (
				711B3F792885D43B00F3080D /* GraniteApp.app */,
				711B3F7F2885D43B00F3080D /* GraniteApp.app */,
				711B3F862885D43B00F3080D /* Tests iOS.xctest */,
				711B3F922885D43B00F3080D /* Tests macOS.xctest */,
			);
			name = Products;
			sourceTree = "<group>";
		};
		711B3F802885D43B00F3080D /* macOS */ = {
			isa = PBXGroup;
			children = (
				711B3F812885D43B00F3080D /* macOS.entitlements */,
			);
			path = macOS;
			sourceTree = "<group>";
		};
		711B3F892885D43B00F3080D /* Tests iOS */ = {
			isa = PBXGroup;
			children = (
				711B3F8A2885D43B00F3080D /* Tests_iOS.swift */,
				711B3F8C2885D43B00F3080D /* Tests_iOSLaunchTests.swift */,
			);
			path = "Tests iOS";
			sourceTree = "<group>";
		};
		711B3F952885D43B00F3080D /* Tests macOS */ = {
			isa = PBXGroup;
			children = (
				711B3F962885D43B00F3080D /* Tests_macOS.swift */,
				711B3F982885D43B00F3080D /* Tests_macOSLaunchTests.swift */,
			);
			path = "Tests macOS";
			sourceTree = "<group>";
		};
		711B3FAF2885D46200F3080D /* Frameworks */ = {
			isa = PBXGroup;
			children = (
			);
			name = Frameworks;
			sourceTree = "<group>";
		};
		711B3FB52885D47C00F3080D /* Components */ = {
			isa = PBXGroup;
			children = (
				711B3FD42885D4F000F3080D /* Home */,
			);
			path = Components;
			sourceTree = "<group>";
		};
		711B3FD42885D4F000F3080D /* Home */ = {
			isa = PBXGroup;
			children = (
				711B3FDF2885E67E00F3080D /* Reducers */,
				711B3FD82885D4F000F3080D /* Home.swift */,
				711B3FD62885D4F000F3080D /* Home+Center.swift */,
				717D388A2887A44D00165D7D /* Home+View.swift */,
			);
			path = Home;
			sourceTree = "<group>";
		};
		711B3FDF2885E67E00F3080D /* Reducers */ = {
			isa = PBXGroup;
			children = (
				717E613228A0D69B009A2B1A /* Home._.swift */,
			);
			path = Reducers;
			sourceTree = "<group>";
		};
/* End PBXGroup section */

/* Begin PBXNativeTarget section */
		711B3F782885D43B00F3080D /* GraniteApp (iOS) */ = {
			isa = PBXNativeTarget;
			buildConfigurationList = 711B3FA22885D43B00F3080D /* Build configuration list for PBXNativeTarget "GraniteApp (iOS)" */;
			buildPhases = (
				711B3F752885D43B00F3080D /* Sources */,
				711B3F762885D43B00F3080D /* Frameworks */,
				711B3F772885D43B00F3080D /* Resources */,
			);
			buildRules = (
			);
			dependencies = (
			);
			name = "GraniteApp (iOS)";
			packageProductDependencies = (
				710BE4882A3F137E00840BBF /* Granite */,
				710BE48A2A3F137E00840BBF /* GraniteUI */,
				71EA1A372A5DFD630046F4E9 /* LemmyKit */,
			);
			productName = "PEX (iOS)";
			productReference = 711B3F792885D43B00F3080D /* GraniteApp.app */;
			productType = "com.apple.product-type.application";
		};
		711B3F7E2885D43B00F3080D /* GraniteApp (macOS) */ = {
			isa = PBXNativeTarget;
			buildConfigurationList = 711B3FA52885D43B00F3080D /* Build configuration list for PBXNativeTarget "GraniteApp (macOS)" */;
			buildPhases = (
				711B3F7B2885D43B00F3080D /* Sources */,
				711B3F7C2885D43B00F3080D /* Frameworks */,
				711B3F7D2885D43B00F3080D /* Resources */,
			);
			buildRules = (
			);
			dependencies = (
			);
			name = "GraniteApp (macOS)";
			packageProductDependencies = (
				710BE48C2A3F138D00840BBF /* Granite */,
				710BE48E2A3F138D00840BBF /* GraniteUI */,
				71EA1A352A5DFD5E0046F4E9 /* LemmyKit */,
			);
			productName = "PEX (macOS)";
			productReference = 711B3F7F2885D43B00F3080D /* GraniteApp.app */;
			productType = "com.apple.product-type.application";
		};
		711B3F852885D43B00F3080D /* Tests iOS */ = {
			isa = PBXNativeTarget;
			buildConfigurationList = 711B3FA82885D43B00F3080D /* Build configuration list for PBXNativeTarget "Tests iOS" */;
			buildPhases = (
				711B3F822885D43B00F3080D /* Sources */,
				711B3F832885D43B00F3080D /* Frameworks */,
				711B3F842885D43B00F3080D /* Resources */,
			);
			buildRules = (
			);
			dependencies = (
				711B3F882885D43B00F3080D /* PBXTargetDependency */,
			);
			name = "Tests iOS";
			productName = "Tests iOS";
			productReference = 711B3F862885D43B00F3080D /* Tests iOS.xctest */;
			productType = "com.apple.product-type.bundle.ui-testing";
		};
		711B3F912885D43B00F3080D /* Tests macOS */ = {
			isa = PBXNativeTarget;
			buildConfigurationList = 711B3FAB2885D43B00F3080D /* Build configuration list for PBXNativeTarget "Tests macOS" */;
			buildPhases = (
				711B3F8E2885D43B00F3080D /* Sources */,
				711B3F8F2885D43B00F3080D /* Frameworks */,
				711B3F902885D43B00F3080D /* Resources */,
			);
			buildRules = (
			);
			dependencies = (
				711B3F942885D43B00F3080D /* PBXTargetDependency */,
			);
			name = "Tests macOS";
			productName = "Tests macOS";
			productReference = 711B3F922885D43B00F3080D /* Tests macOS.xctest */;
			productType = "com.apple.product-type.bundle.ui-testing";
		};
/* End PBXNativeTarget section */

/* Begin PBXProject section */
		711B3F6D2885D43700F3080D /* Project object */ = {
			isa = PBXProject;
			attributes = {
				BuildIndependentTargetsInParallel = 1;
				LastSwiftUpdateCheck = 1330;
				LastUpgradeCheck = 1330;
				TargetAttributes = {
					711B3F782885D43B00F3080D = {
						CreatedOnToolsVersion = 13.3;
						LastSwiftMigration = 1420;
					};
					711B3F7E2885D43B00F3080D = {
						CreatedOnToolsVersion = 13.3;
						LastSwiftMigration = 1420;
					};
					711B3F852885D43B00F3080D = {
						CreatedOnToolsVersion = 13.3;
						TestTargetID = 711B3F782885D43B00F3080D;
					};
					711B3F912885D43B00F3080D = {
						CreatedOnToolsVersion = 13.3;
						TestTargetID = 711B3F7E2885D43B00F3080D;
					};
				};
			};
			buildConfigurationList = 711B3F702885D43700F3080D /* Build configuration list for PBXProject "GraniteApp" */;
			compatibilityVersion = "Xcode 13.0";
			developmentRegion = en;
			hasScannedForEncodings = 0;
			knownRegions = (
				en,
				Base,
			);
			mainGroup = 711B3F6C2885D43700F3080D;
			packageReferences = (
				710BE4872A3F137E00840BBF /* XCRemoteSwiftPackageReference "Granite" */,
				71BDCDCB2A5DF78F0058813C /* XCRemoteSwiftPackageReference "LemmyKit" */,
			);
			productRefGroup = 711B3F7A2885D43B00F3080D /* Products */;
			projectDirPath = "";
			projectRoot = "";
			targets = (
				711B3F782885D43B00F3080D /* GraniteApp (iOS) */,
				711B3F7E2885D43B00F3080D /* GraniteApp (macOS) */,
				711B3F852885D43B00F3080D /* Tests iOS */,
				711B3F912885D43B00F3080D /* Tests macOS */,
			);
		};
/* End PBXProject section */

/* Begin PBXResourcesBuildPhase section */
		711B3F772885D43B00F3080D /* Resources */ = {
			isa = PBXResourcesBuildPhase;
			buildActionMask = 2147483647;
			files = (
				711B3F9E2885D43B00F3080D /* Assets.xcassets in Resources */,
			);
			runOnlyForDeploymentPostprocessing = 0;
		};
		711B3F7D2885D43B00F3080D /* Resources */ = {
			isa = PBXResourcesBuildPhase;
			buildActionMask = 2147483647;
			files = (
				711B3F9F2885D43B00F3080D /* Assets.xcassets in Resources */,
			);
			runOnlyForDeploymentPostprocessing = 0;
		};
		711B3F842885D43B00F3080D /* Resources */ = {
			isa = PBXResourcesBuildPhase;
			buildActionMask = 2147483647;
			files = (
			);
			runOnlyForDeploymentPostprocessing = 0;
		};
		711B3F902885D43B00F3080D /* Resources */ = {
			isa = PBXResourcesBuildPhase;
			buildActionMask = 2147483647;
			files = (
			);
			runOnlyForDeploymentPostprocessing = 0;
		};
/* End PBXResourcesBuildPhase section */

/* Begin PBXSourcesBuildPhase section */
		711B3F752885D43B00F3080D /* Sources */ = {
			isa = PBXSourcesBuildPhase;
			buildActionMask = 2147483647;
			files = (
				710BE4582A3EEB5800840BBF /* GraniteApp.Delegate.swift in Sources */,
				711B3FDD2885D4F000F3080D /* Home.swift in Sources */,
				717E613328A0D69B009A2B1A /* Home._.swift in Sources */,
				711B3FD92885D4F000F3080D /* Home+Center.swift in Sources */,
				711B3F9A2885D43B00F3080D /* GraniteApp.swift in Sources */,
				717D388B2887A44D00165D7D /* Home+View.swift in Sources */,
			);
			runOnlyForDeploymentPostprocessing = 0;
		};
		711B3F7B2885D43B00F3080D /* Sources */ = {
			isa = PBXSourcesBuildPhase;
			buildActionMask = 2147483647;
			files = (
				710BE4592A3EEB5800840BBF /* GraniteApp.Delegate.swift in Sources */,
				711B3FDE2885D4F000F3080D /* Home.swift in Sources */,
				717E613428A0D69B009A2B1A /* Home._.swift in Sources */,
				711B3FDA2885D4F000F3080D /* Home+Center.swift in Sources */,
				711B3F9B2885D43B00F3080D /* GraniteApp.swift in Sources */,
				717D388C2887A44D00165D7D /* Home+View.swift in Sources */,
			);
			runOnlyForDeploymentPostprocessing = 0;
		};
		711B3F822885D43B00F3080D /* Sources */ = {
			isa = PBXSourcesBuildPhase;
			buildActionMask = 2147483647;
			files = (
				711B3F8D2885D43B00F3080D /* Tests_iOSLaunchTests.swift in Sources */,
				711B3F8B2885D43B00F3080D /* Tests_iOS.swift in Sources */,
			);
			runOnlyForDeploymentPostprocessing = 0;
		};
		711B3F8E2885D43B00F3080D /* Sources */ = {
			isa = PBXSourcesBuildPhase;
			buildActionMask = 2147483647;
			files = (
				711B3F992885D43B00F3080D /* Tests_macOSLaunchTests.swift in Sources */,
				711B3F972885D43B00F3080D /* Tests_macOS.swift in Sources */,
			);
			runOnlyForDeploymentPostprocessing = 0;
		};
/* End PBXSourcesBuildPhase section */

/* Begin PBXTargetDependency section */
		711B3F882885D43B00F3080D /* PBXTargetDependency */ = {
			isa = PBXTargetDependency;
			target = 711B3F782885D43B00F3080D /* GraniteApp (iOS) */;
			targetProxy = 711B3F872885D43B00F3080D /* PBXContainerItemProxy */;
		};
		711B3F942885D43B00F3080D /* PBXTargetDependency */ = {
			isa = PBXTargetDependency;
			target = 711B3F7E2885D43B00F3080D /* GraniteApp (macOS) */;
			targetProxy = 711B3F932885D43B00F3080D /* PBXContainerItemProxy */;
		};
/* End PBXTargetDependency section */

/* Begin XCBuildConfiguration section */
		711B3FA02885D43B00F3080D /* Debug */ = {
			isa = XCBuildConfiguration;
			buildSettings = {
				ALWAYS_SEARCH_USER_PATHS = NO;
				CLANG_ANALYZER_NONNULL = YES;
				CLANG_ANALYZER_NUMBER_OBJECT_CONVERSION = YES_AGGRESSIVE;
				CLANG_CXX_LANGUAGE_STANDARD = "gnu++17";
				CLANG_ENABLE_MODULES = YES;
				CLANG_ENABLE_OBJC_ARC = YES;
				CLANG_ENABLE_OBJC_WEAK = YES;
				CLANG_WARN_BLOCK_CAPTURE_AUTORELEASING = YES;
				CLANG_WARN_BOOL_CONVERSION = YES;
				CLANG_WARN_COMMA = YES;
				CLANG_WARN_CONSTANT_CONVERSION = YES;
				CLANG_WARN_DEPRECATED_OBJC_IMPLEMENTATIONS = YES;
				CLANG_WARN_DIRECT_OBJC_ISA_USAGE = YES_ERROR;
				CLANG_WARN_DOCUMENTATION_COMMENTS = YES;
				CLANG_WARN_EMPTY_BODY = YES;
				CLANG_WARN_ENUM_CONVERSION = YES;
				CLANG_WARN_INFINITE_RECURSION = YES;
				CLANG_WARN_INT_CONVERSION = YES;
				CLANG_WARN_NON_LITERAL_NULL_CONVERSION = YES;
				CLANG_WARN_OBJC_IMPLICIT_RETAIN_SELF = YES;
				CLANG_WARN_OBJC_LITERAL_CONVERSION = YES;
				CLANG_WARN_OBJC_ROOT_CLASS = YES_ERROR;
				CLANG_WARN_QUOTED_INCLUDE_IN_FRAMEWORK_HEADER = YES;
				CLANG_WARN_RANGE_LOOP_ANALYSIS = YES;
				CLANG_WARN_STRICT_PROTOTYPES = YES;
				CLANG_WARN_SUSPICIOUS_MOVE = YES;
				CLANG_WARN_UNGUARDED_AVAILABILITY = YES_AGGRESSIVE;
				CLANG_WARN_UNREACHABLE_CODE = YES;
				CLANG_WARN__DUPLICATE_METHOD_MATCH = YES;
				COPY_PHASE_STRIP = NO;
				DEBUG_INFORMATION_FORMAT = dwarf;
				ENABLE_STRICT_OBJC_MSGSEND = YES;
				ENABLE_TESTABILITY = YES;
				GCC_C_LANGUAGE_STANDARD = gnu11;
				GCC_DYNAMIC_NO_PIC = NO;
				GCC_NO_COMMON_BLOCKS = YES;
				GCC_OPTIMIZATION_LEVEL = 0;
				GCC_PREPROCESSOR_DEFINITIONS = (
					"DEBUG=1",
					"$(inherited)",
				);
				GCC_WARN_64_TO_32_BIT_CONVERSION = YES;
				GCC_WARN_ABOUT_RETURN_TYPE = YES_ERROR;
				GCC_WARN_UNDECLARED_SELECTOR = YES;
				GCC_WARN_UNINITIALIZED_AUTOS = YES_AGGRESSIVE;
				GCC_WARN_UNUSED_FUNCTION = YES;
				GCC_WARN_UNUSED_VARIABLE = YES;
				MTL_ENABLE_DEBUG_INFO = INCLUDE_SOURCE;
				MTL_FAST_MATH = YES;
				ONLY_ACTIVE_ARCH = YES;
				SWIFT_ACTIVE_COMPILATION_CONDITIONS = DEBUG;
				SWIFT_INSTALL_OBJC_HEADER = NO;
				SWIFT_OPTIMIZATION_LEVEL = "-Onone";
				SWIFT_PRECOMPILE_BRIDGING_HEADER = NO;
			};
			name = Debug;
		};
		711B3FA12885D43B00F3080D /* Release */ = {
			isa = XCBuildConfiguration;
			buildSettings = {
				ALWAYS_SEARCH_USER_PATHS = NO;
				CLANG_ANALYZER_NONNULL = YES;
				CLANG_ANALYZER_NUMBER_OBJECT_CONVERSION = YES_AGGRESSIVE;
				CLANG_CXX_LANGUAGE_STANDARD = "gnu++17";
				CLANG_ENABLE_MODULES = YES;
				CLANG_ENABLE_OBJC_ARC = YES;
				CLANG_ENABLE_OBJC_WEAK = YES;
				CLANG_WARN_BLOCK_CAPTURE_AUTORELEASING = YES;
				CLANG_WARN_BOOL_CONVERSION = YES;
				CLANG_WARN_COMMA = YES;
				CLANG_WARN_CONSTANT_CONVERSION = YES;
				CLANG_WARN_DEPRECATED_OBJC_IMPLEMENTATIONS = YES;
				CLANG_WARN_DIRECT_OBJC_ISA_USAGE = YES_ERROR;
				CLANG_WARN_DOCUMENTATION_COMMENTS = YES;
				CLANG_WARN_EMPTY_BODY = YES;
				CLANG_WARN_ENUM_CONVERSION = YES;
				CLANG_WARN_INFINITE_RECURSION = YES;
				CLANG_WARN_INT_CONVERSION = YES;
				CLANG_WARN_NON_LITERAL_NULL_CONVERSION = YES;
				CLANG_WARN_OBJC_IMPLICIT_RETAIN_SELF = YES;
				CLANG_WARN_OBJC_LITERAL_CONVERSION = YES;
				CLANG_WARN_OBJC_ROOT_CLASS = YES_ERROR;
				CLANG_WARN_QUOTED_INCLUDE_IN_FRAMEWORK_HEADER = YES;
				CLANG_WARN_RANGE_LOOP_ANALYSIS = YES;
				CLANG_WARN_STRICT_PROTOTYPES = YES;
				CLANG_WARN_SUSPICIOUS_MOVE = YES;
				CLANG_WARN_UNGUARDED_AVAILABILITY = YES_AGGRESSIVE;
				CLANG_WARN_UNREACHABLE_CODE = YES;
				CLANG_WARN__DUPLICATE_METHOD_MATCH = YES;
				COPY_PHASE_STRIP = NO;
				DEBUG_INFORMATION_FORMAT = "dwarf-with-dsym";
				ENABLE_NS_ASSERTIONS = NO;
				ENABLE_STRICT_OBJC_MSGSEND = YES;
				GCC_C_LANGUAGE_STANDARD = gnu11;
				GCC_NO_COMMON_BLOCKS = YES;
				GCC_WARN_64_TO_32_BIT_CONVERSION = YES;
				GCC_WARN_ABOUT_RETURN_TYPE = YES_ERROR;
				GCC_WARN_UNDECLARED_SELECTOR = YES;
				GCC_WARN_UNINITIALIZED_AUTOS = YES_AGGRESSIVE;
				GCC_WARN_UNUSED_FUNCTION = YES;
				GCC_WARN_UNUSED_VARIABLE = YES;
				MTL_ENABLE_DEBUG_INFO = NO;
				MTL_FAST_MATH = YES;
				SWIFT_COMPILATION_MODE = wholemodule;
				SWIFT_INSTALL_OBJC_HEADER = NO;
				SWIFT_OPTIMIZATION_LEVEL = "-O";
				SWIFT_PRECOMPILE_BRIDGING_HEADER = NO;
			};
			name = Release;
		};
		711B3FA32885D43B00F3080D /* Debug */ = {
			isa = XCBuildConfiguration;
			buildSettings = {
				ASSETCATALOG_COMPILER_APPICON_NAME = AppIcon;
				ASSETCATALOG_COMPILER_GLOBAL_ACCENT_COLOR_NAME = AccentColor;
				CLANG_ENABLE_MODULES = YES;
				CODE_SIGN_STYLE = Automatic;
				CURRENT_PROJECT_VERSION = 1;
				DEVELOPMENT_TEAM = CV8LAA8JAP;
				ENABLE_PREVIEWS = YES;
				GENERATE_INFOPLIST_FILE = YES;
				INFOPLIST_FILE = "GraniteApp--iOS--Info.plist";
				INFOPLIST_KEY_CFBundleDisplayName = "Granite App";
				INFOPLIST_KEY_LSApplicationCategoryType = "public.app-category.utilities";
				INFOPLIST_KEY_NSCameraUsageDescription = "Take pictures for encoding";
				INFOPLIST_KEY_UIApplicationSceneManifest_Generation = YES;
				INFOPLIST_KEY_UIApplicationSupportsIndirectInputEvents = YES;
				INFOPLIST_KEY_UILaunchScreen_Generation = YES;
				INFOPLIST_KEY_UISupportedInterfaceOrientations_iPad = "UIInterfaceOrientationPortrait UIInterfaceOrientationPortraitUpsideDown UIInterfaceOrientationLandscapeLeft UIInterfaceOrientationLandscapeRight";
				INFOPLIST_KEY_UISupportedInterfaceOrientations_iPhone = "UIInterfaceOrientationPortrait UIInterfaceOrientationLandscapeLeft UIInterfaceOrientationLandscapeRight";
				IPHONEOS_DEPLOYMENT_TARGET = 15.4;
				LD_RUNPATH_SEARCH_PATHS = (
					"$(inherited)",
					"@executable_path/Frameworks",
				);
				MARKETING_VERSION = 1.0;
				PRODUCT_BUNDLE_IDENTIFIER = nyc.stoic.GraniteApp;
				PRODUCT_NAME = GraniteApp;
				SDKROOT = iphoneos;
				SWIFT_EMIT_LOC_STRINGS = YES;
				SWIFT_OBJC_BRIDGING_HEADER = "";
				SWIFT_OPTIMIZATION_LEVEL = "-Onone";
				SWIFT_VERSION = 5.0;
				TARGETED_DEVICE_FAMILY = "1,2";
			};
			name = Debug;
		};
		711B3FA42885D43B00F3080D /* Release */ = {
			isa = XCBuildConfiguration;
			buildSettings = {
				ASSETCATALOG_COMPILER_APPICON_NAME = AppIcon;
				ASSETCATALOG_COMPILER_GLOBAL_ACCENT_COLOR_NAME = AccentColor;
				CLANG_ENABLE_MODULES = YES;
				CODE_SIGN_STYLE = Automatic;
				CURRENT_PROJECT_VERSION = 1;
				DEVELOPMENT_TEAM = CV8LAA8JAP;
				ENABLE_PREVIEWS = YES;
				GENERATE_INFOPLIST_FILE = YES;
				INFOPLIST_FILE = "GraniteApp--iOS--Info.plist";
				INFOPLIST_KEY_CFBundleDisplayName = "Granite App";
				INFOPLIST_KEY_LSApplicationCategoryType = "public.app-category.utilities";
				INFOPLIST_KEY_NSCameraUsageDescription = "Take pictures for encoding";
				INFOPLIST_KEY_UIApplicationSceneManifest_Generation = YES;
				INFOPLIST_KEY_UIApplicationSupportsIndirectInputEvents = YES;
				INFOPLIST_KEY_UILaunchScreen_Generation = YES;
				INFOPLIST_KEY_UISupportedInterfaceOrientations_iPad = "UIInterfaceOrientationPortrait UIInterfaceOrientationPortraitUpsideDown UIInterfaceOrientationLandscapeLeft UIInterfaceOrientationLandscapeRight";
				INFOPLIST_KEY_UISupportedInterfaceOrientations_iPhone = "UIInterfaceOrientationPortrait UIInterfaceOrientationLandscapeLeft UIInterfaceOrientationLandscapeRight";
				IPHONEOS_DEPLOYMENT_TARGET = 15.4;
				LD_RUNPATH_SEARCH_PATHS = (
					"$(inherited)",
					"@executable_path/Frameworks",
				);
				MARKETING_VERSION = 1.0;
				PRODUCT_BUNDLE_IDENTIFIER = nyc.stoic.GraniteApp;
				PRODUCT_NAME = GraniteApp;
				SDKROOT = iphoneos;
				SWIFT_EMIT_LOC_STRINGS = YES;
				SWIFT_OBJC_BRIDGING_HEADER = "";
				SWIFT_VERSION = 5.0;
				TARGETED_DEVICE_FAMILY = "1,2";
				VALIDATE_PRODUCT = YES;
			};
			name = Release;
		};
		711B3FA62885D43B00F3080D /* Debug */ = {
			isa = XCBuildConfiguration;
			buildSettings = {
				ASSETCATALOG_COMPILER_APPICON_NAME = AppIcon;
				ASSETCATALOG_COMPILER_GLOBAL_ACCENT_COLOR_NAME = AccentColor;
				CLANG_ENABLE_MODULES = YES;
				CODE_SIGN_ENTITLEMENTS = macOS/macOS.entitlements;
				CODE_SIGN_STYLE = Automatic;
				COMBINE_HIDPI_IMAGES = YES;
				CURRENT_PROJECT_VERSION = 1;
				DEVELOPMENT_TEAM = CV8LAA8JAP;
				ENABLE_HARDENED_RUNTIME = YES;
				ENABLE_PREVIEWS = YES;
				GENERATE_INFOPLIST_FILE = YES;
				INFOPLIST_FILE = "GraniteApp--macOS--Info.plist";
				INFOPLIST_KEY_CFBundleDisplayName = "Granite App";
				INFOPLIST_KEY_NSHumanReadableCopyright = "";
				LD_RUNPATH_SEARCH_PATHS = (
					"$(inherited)",
					"@executable_path/../Frameworks",
				);
				MACOSX_DEPLOYMENT_TARGET = 12.0;
				MARKETING_VERSION = 1.0;
				PRODUCT_BUNDLE_IDENTIFIER = nyc.stoic.GraniteApp;
				PRODUCT_NAME = GraniteApp;
				SDKROOT = macosx;
				SWIFT_EMIT_LOC_STRINGS = YES;
				SWIFT_OBJC_BRIDGING_HEADER = "";
				SWIFT_OPTIMIZATION_LEVEL = "-Onone";
				SWIFT_VERSION = 5.0;
			};
			name = Debug;
		};
		711B3FA72885D43B00F3080D /* Release */ = {
			isa = XCBuildConfiguration;
			buildSettings = {
				ASSETCATALOG_COMPILER_APPICON_NAME = AppIcon;
				ASSETCATALOG_COMPILER_GLOBAL_ACCENT_COLOR_NAME = AccentColor;
				CLANG_ENABLE_MODULES = YES;
				CODE_SIGN_ENTITLEMENTS = macOS/macOS.entitlements;
				CODE_SIGN_STYLE = Automatic;
				COMBINE_HIDPI_IMAGES = YES;
				CURRENT_PROJECT_VERSION = 1;
				DEVELOPMENT_TEAM = CV8LAA8JAP;
				ENABLE_HARDENED_RUNTIME = YES;
				ENABLE_PREVIEWS = YES;
				GENERATE_INFOPLIST_FILE = YES;
				INFOPLIST_FILE = "GraniteApp--macOS--Info.plist";
				INFOPLIST_KEY_CFBundleDisplayName = "Granite App";
				INFOPLIST_KEY_NSHumanReadableCopyright = "";
				LD_RUNPATH_SEARCH_PATHS = (
					"$(inherited)",
					"@executable_path/../Frameworks",
				);
				MACOSX_DEPLOYMENT_TARGET = 12.0;
				MARKETING_VERSION = 1.0;
				PRODUCT_BUNDLE_IDENTIFIER = nyc.stoic.GraniteApp;
				PRODUCT_NAME = GraniteApp;
				SDKROOT = macosx;
				SWIFT_EMIT_LOC_STRINGS = YES;
				SWIFT_OBJC_BRIDGING_HEADER = "";
				SWIFT_VERSION = 5.0;
			};
			name = Release;
		};
		711B3FA92885D43B00F3080D /* Debug */ = {
			isa = XCBuildConfiguration;
			buildSettings = {
				ALWAYS_EMBED_SWIFT_STANDARD_LIBRARIES = YES;
				CODE_SIGN_STYLE = Automatic;
				CURRENT_PROJECT_VERSION = 1;
				DEVELOPMENT_TEAM = W86P37BZ85;
				GENERATE_INFOPLIST_FILE = YES;
				IPHONEOS_DEPLOYMENT_TARGET = 15.4;
				MARKETING_VERSION = 1.0;
				PRODUCT_BUNDLE_IDENTIFIER = "com.pexavc.Tests-iOS";
				PRODUCT_NAME = "$(TARGET_NAME)";
				SDKROOT = iphoneos;
				SWIFT_EMIT_LOC_STRINGS = NO;
				SWIFT_VERSION = 5.0;
				TARGETED_DEVICE_FAMILY = "1,2";
				TEST_TARGET_NAME = "PEX (iOS)";
			};
			name = Debug;
		};
		711B3FAA2885D43B00F3080D /* Release */ = {
			isa = XCBuildConfiguration;
			buildSettings = {
				ALWAYS_EMBED_SWIFT_STANDARD_LIBRARIES = YES;
				CODE_SIGN_STYLE = Automatic;
				CURRENT_PROJECT_VERSION = 1;
				DEVELOPMENT_TEAM = W86P37BZ85;
				GENERATE_INFOPLIST_FILE = YES;
				IPHONEOS_DEPLOYMENT_TARGET = 15.4;
				MARKETING_VERSION = 1.0;
				PRODUCT_BUNDLE_IDENTIFIER = "com.pexavc.Tests-iOS";
				PRODUCT_NAME = "$(TARGET_NAME)";
				SDKROOT = iphoneos;
				SWIFT_EMIT_LOC_STRINGS = NO;
				SWIFT_VERSION = 5.0;
				TARGETED_DEVICE_FAMILY = "1,2";
				TEST_TARGET_NAME = "PEX (iOS)";
				VALIDATE_PRODUCT = YES;
			};
			name = Release;
		};
		711B3FAC2885D43B00F3080D /* Debug */ = {
			isa = XCBuildConfiguration;
			buildSettings = {
				ALWAYS_EMBED_SWIFT_STANDARD_LIBRARIES = YES;
				CODE_SIGN_STYLE = Automatic;
				CURRENT_PROJECT_VERSION = 1;
				DEVELOPMENT_TEAM = W86P37BZ85;
				GENERATE_INFOPLIST_FILE = YES;
				MACOSX_DEPLOYMENT_TARGET = 12.0;
				MARKETING_VERSION = 1.0;
				PRODUCT_BUNDLE_IDENTIFIER = "com.pexavc.Tests-macOS";
				PRODUCT_NAME = "$(TARGET_NAME)";
				SDKROOT = macosx;
				SWIFT_EMIT_LOC_STRINGS = NO;
				SWIFT_VERSION = 5.0;
				TEST_TARGET_NAME = "PEX (macOS)";
			};
			name = Debug;
		};
		711B3FAD2885D43B00F3080D /* Release */ = {
			isa = XCBuildConfiguration;
			buildSettings = {
				ALWAYS_EMBED_SWIFT_STANDARD_LIBRARIES = YES;
				CODE_SIGN_STYLE = Automatic;
				CURRENT_PROJECT_VERSION = 1;
				DEVELOPMENT_TEAM = W86P37BZ85;
				GENERATE_INFOPLIST_FILE = YES;
				MACOSX_DEPLOYMENT_TARGET = 12.0;
				MARKETING_VERSION = 1.0;
				PRODUCT_BUNDLE_IDENTIFIER = "com.pexavc.Tests-macOS";
				PRODUCT_NAME = "$(TARGET_NAME)";
				SDKROOT = macosx;
				SWIFT_EMIT_LOC_STRINGS = NO;
				SWIFT_VERSION = 5.0;
				TEST_TARGET_NAME = "PEX (macOS)";
			};
			name = Release;
		};
/* End XCBuildConfiguration section */

/* Begin XCConfigurationList section */
		711B3F702885D43700F3080D /* Build configuration list for PBXProject "GraniteApp" */ = {
			isa = XCConfigurationList;
			buildConfigurations = (
				711B3FA02885D43B00F3080D /* Debug */,
				711B3FA12885D43B00F3080D /* Release */,
			);
			defaultConfigurationIsVisible = 0;
			defaultConfigurationName = Release;
		};
		711B3FA22885D43B00F3080D /* Build configuration list for PBXNativeTarget "GraniteApp (iOS)" */ = {
			isa = XCConfigurationList;
			buildConfigurations = (
				711B3FA32885D43B00F3080D /* Debug */,
				711B3FA42885D43B00F3080D /* Release */,
			);
			defaultConfigurationIsVisible = 0;
			defaultConfigurationName = Release;
		};
		711B3FA52885D43B00F3080D /* Build configuration list for PBXNativeTarget "GraniteApp (macOS)" */ = {
			isa = XCConfigurationList;
			buildConfigurations = (
				711B3FA62885D43B00F3080D /* Debug */,
				711B3FA72885D43B00F3080D /* Release */,
			);
			defaultConfigurationIsVisible = 0;
			defaultConfigurationName = Release;
		};
		711B3FA82885D43B00F3080D /* Build configuration list for PBXNativeTarget "Tests iOS" */ = {
			isa = XCConfigurationList;
			buildConfigurations = (
				711B3FA92885D43B00F3080D /* Debug */,
				711B3FAA2885D43B00F3080D /* Release */,
			);
			defaultConfigurationIsVisible = 0;
			defaultConfigurationName = Release;
		};
		711B3FAB2885D43B00F3080D /* Build configuration list for PBXNativeTarget "Tests macOS" */ = {
			isa = XCConfigurationList;
			buildConfigurations = (
				711B3FAC2885D43B00F3080D /* Debug */,
				711B3FAD2885D43B00F3080D /* Release */,
			);
			defaultConfigurationIsVisible = 0;
			defaultConfigurationName = Release;
		};
/* End XCConfigurationList section */

/* Begin XCRemoteSwiftPackageReference section */
		710BE4872A3F137E00840BBF /* XCRemoteSwiftPackageReference "Granite" */ = {
			isa = XCRemoteSwiftPackageReference;
			repositoryURL = "https://github.com/pexavc/Granite.git";
			requirement = {
				branch = main;
				kind = branch;
			};
		};
		71BDCDCB2A5DF78F0058813C /* XCRemoteSwiftPackageReference "LemmyKit" */ = {
			isa = XCRemoteSwiftPackageReference;
			repositoryURL = "https://github.com/pexavc/LemmyKit";
			requirement = {
				branch = main;
				kind = branch;
			};
		};
/* End XCRemoteSwiftPackageReference section */

/* Begin XCSwiftPackageProductDependency section */
		710BE4882A3F137E00840BBF /* Granite */ = {
			isa = XCSwiftPackageProductDependency;
			package = 710BE4872A3F137E00840BBF /* XCRemoteSwiftPackageReference "Granite" */;
			productName = Granite;
		};
		710BE48A2A3F137E00840BBF /* GraniteUI */ = {
			isa = XCSwiftPackageProductDependency;
			package = 710BE4872A3F137E00840BBF /* XCRemoteSwiftPackageReference "Granite" */;
			productName = GraniteUI;
		};
		710BE48C2A3F138D00840BBF /* Granite */ = {
			isa = XCSwiftPackageProductDependency;
			package = 710BE4872A3F137E00840BBF /* XCRemoteSwiftPackageReference "Granite" */;
			productName = Granite;
		};
		710BE48E2A3F138D00840BBF /* GraniteUI */ = {
			isa = XCSwiftPackageProductDependency;
			package = 710BE4872A3F137E00840BBF /* XCRemoteSwiftPackageReference "Granite" */;
			productName = GraniteUI;
		};
		71EA1A352A5DFD5E0046F4E9 /* LemmyKit */ = {
			isa = XCSwiftPackageProductDependency;
			package = 71BDCDCB2A5DF78F0058813C /* XCRemoteSwiftPackageReference "LemmyKit" */;
			productName = LemmyKit;
		};
		71EA1A372A5DFD630046F4E9 /* LemmyKit */ = {
			isa = XCSwiftPackageProductDependency;
			package = 71BDCDCB2A5DF78F0058813C /* XCRemoteSwiftPackageReference "LemmyKit" */;
			productName = LemmyKit;
		};
/* End XCSwiftPackageProductDependency section */
	};
	rootObject = 711B3F6D2885D43700F3080D /* Project object */;
}
